// !$*UTF8*$!
{
	archiveVersion = 1;
	classes = {
	};
	objectVersion = 50;
	objects = {

/* Begin PBXBuildFile section */
		69E8A20C58B202E2029B30AD /* Pods_Venues.framework in Frameworks */ = {isa = PBXBuildFile; fileRef = 029AB0E198B2CF8E485A5A31 /* Pods_Venues.framework */; };
		A1CDDA0F21DE8AD9004ED9C6 /* VenueCell.xib in Resources */ = {isa = PBXBuildFile; fileRef = A1CDDA0E21DE8AD9004ED9C6 /* VenueCell.xib */; };
		A1CDDA1621DF3183004ED9C6 /* DataManager.swift in Sources */ = {isa = PBXBuildFile; fileRef = A1CDDA1521DF3183004ED9C6 /* DataManager.swift */; };
		A1CDDA1921DF405E004ED9C6 /* VenueResponse.swift in Sources */ = {isa = PBXBuildFile; fileRef = A1CDDA1821DF405E004ED9C6 /* VenueResponse.swift */; };
		A1CDDA1B21DFA536004ED9C6 /* MapViewController.swift in Sources */ = {isa = PBXBuildFile; fileRef = A1CDDA1A21DFA536004ED9C6 /* MapViewController.swift */; };
		A1CDDA1D21DFA5DD004ED9C6 /* MapDelegate.swift in Sources */ = {isa = PBXBuildFile; fileRef = A1CDDA1C21DFA5DD004ED9C6 /* MapDelegate.swift */; };
		A1EB845F21DE722C00D4B986 /* AppDelegate.swift in Sources */ = {isa = PBXBuildFile; fileRef = A1EB845E21DE722C00D4B986 /* AppDelegate.swift */; };
		A1EB846121DE722C00D4B986 /* ViewController.swift in Sources */ = {isa = PBXBuildFile; fileRef = A1EB846021DE722C00D4B986 /* ViewController.swift */; };
		A1EB846421DE722C00D4B986 /* Main.storyboard in Resources */ = {isa = PBXBuildFile; fileRef = A1EB846221DE722C00D4B986 /* Main.storyboard */; };
		A1EB846621DE722E00D4B986 /* Assets.xcassets in Resources */ = {isa = PBXBuildFile; fileRef = A1EB846521DE722E00D4B986 /* Assets.xcassets */; };
		A1EB846921DE722E00D4B986 /* LaunchScreen.storyboard in Resources */ = {isa = PBXBuildFile; fileRef = A1EB846721DE722E00D4B986 /* LaunchScreen.storyboard */; };
		A1EB847321DE7BB900D4B986 /* Utilities.swift in Sources */ = {isa = PBXBuildFile; fileRef = A1EB847221DE7BB900D4B986 /* Utilities.swift */; };
		A1EB847621DE800200D4B986 /* VenueCell.swift in Sources */ = {isa = PBXBuildFile; fileRef = A1EB847421DE800200D4B986 /* VenueCell.swift */; };
/* End PBXBuildFile section */

/* Begin PBXFileReference section */
		029AB0E198B2CF8E485A5A31 /* Pods_Venues.framework */ = {isa = PBXFileReference; explicitFileType = wrapper.framework; includeInIndex = 0; path = Pods_Venues.framework; sourceTree = BUILT_PRODUCTS_DIR; };
		3970026C468D67E5C6E762C1 /* Pods-Venues.debug.xcconfig */ = {isa = PBXFileReference; includeInIndex = 1; lastKnownFileType = text.xcconfig; name = "Pods-Venues.debug.xcconfig"; path = "Pods/Target Support Files/Pods-Venues/Pods-Venues.debug.xcconfig"; sourceTree = "<group>"; };
		743BF241E3017DAC4A2D0206 /* Pods-Venues.release.xcconfig */ = {isa = PBXFileReference; includeInIndex = 1; lastKnownFileType = text.xcconfig; name = "Pods-Venues.release.xcconfig"; path = "Pods/Target Support Files/Pods-Venues/Pods-Venues.release.xcconfig"; sourceTree = "<group>"; };
		A1CDDA0E21DE8AD9004ED9C6 /* VenueCell.xib */ = {isa = PBXFileReference; fileEncoding = 4; lastKnownFileType = file.xib; path = VenueCell.xib; sourceTree = "<group>"; };
		A1CDDA1521DF3183004ED9C6 /* DataManager.swift */ = {isa = PBXFileReference; lastKnownFileType = sourcecode.swift; path = DataManager.swift; sourceTree = "<group>"; };
		A1CDDA1821DF405E004ED9C6 /* VenueResponse.swift */ = {isa = PBXFileReference; lastKnownFileType = sourcecode.swift; path = VenueResponse.swift; sourceTree = "<group>"; };
		A1CDDA1A21DFA536004ED9C6 /* MapViewController.swift */ = {isa = PBXFileReference; lastKnownFileType = sourcecode.swift; path = MapViewController.swift; sourceTree = "<group>"; };
		A1CDDA1C21DFA5DD004ED9C6 /* MapDelegate.swift */ = {isa = PBXFileReference; lastKnownFileType = sourcecode.swift; path = MapDelegate.swift; sourceTree = "<group>"; };
		A1EB845B21DE722C00D4B986 /* Venues.app */ = {isa = PBXFileReference; explicitFileType = wrapper.application; includeInIndex = 0; path = Venues.app; sourceTree = BUILT_PRODUCTS_DIR; };
		A1EB845E21DE722C00D4B986 /* AppDelegate.swift */ = {isa = PBXFileReference; lastKnownFileType = sourcecode.swift; path = AppDelegate.swift; sourceTree = "<group>"; };
		A1EB846021DE722C00D4B986 /* ViewController.swift */ = {isa = PBXFileReference; lastKnownFileType = sourcecode.swift; path = ViewController.swift; sourceTree = "<group>"; };
		A1EB846321DE722C00D4B986 /* Base */ = {isa = PBXFileReference; lastKnownFileType = file.storyboard; name = Base; path = Base.lproj/Main.storyboard; sourceTree = "<group>"; };
		A1EB846521DE722E00D4B986 /* Assets.xcassets */ = {isa = PBXFileReference; lastKnownFileType = folder.assetcatalog; path = Assets.xcassets; sourceTree = "<group>"; };
		A1EB846821DE722E00D4B986 /* Base */ = {isa = PBXFileReference; lastKnownFileType = file.storyboard; name = Base; path = Base.lproj/LaunchScreen.storyboard; sourceTree = "<group>"; };
		A1EB846A21DE722E00D4B986 /* Info.plist */ = {isa = PBXFileReference; lastKnownFileType = text.plist.xml; path = Info.plist; sourceTree = "<group>"; };
		A1EB847221DE7BB900D4B986 /* Utilities.swift */ = {isa = PBXFileReference; lastKnownFileType = sourcecode.swift; path = Utilities.swift; sourceTree = "<group>"; };
		A1EB847421DE800200D4B986 /* VenueCell.swift */ = {isa = PBXFileReference; lastKnownFileType = sourcecode.swift; path = VenueCell.swift; sourceTree = "<group>"; };
/* End PBXFileReference section */

/* Begin PBXFrameworksBuildPhase section */
		A1EB845821DE722C00D4B986 /* Frameworks */ = {
			isa = PBXFrameworksBuildPhase;
			buildActionMask = 2147483647;
			files = (
				69E8A20C58B202E2029B30AD /* Pods_Venues.framework in Frameworks */,
			);
			runOnlyForDeploymentPostprocessing = 0;
		};
/* End PBXFrameworksBuildPhase section */

/* Begin PBXGroup section */
		37388B3108F953AD7CE09974 /* Frameworks */ = {
			isa = PBXGroup;
			children = (
				029AB0E198B2CF8E485A5A31 /* Pods_Venues.framework */,
			);
			name = Frameworks;
			sourceTree = "<group>";
		};
		92A0A1BCA326EB450A456E76 /* Pods */ = {
			isa = PBXGroup;
			children = (
				3970026C468D67E5C6E762C1 /* Pods-Venues.debug.xcconfig */,
				743BF241E3017DAC4A2D0206 /* Pods-Venues.release.xcconfig */,
			);
			name = Pods;
			sourceTree = "<group>";
		};
		A1CDDA1021DF2F58004ED9C6 /* Storyboards */ = {
			isa = PBXGroup;
			children = (
				A1EB846221DE722C00D4B986 /* Main.storyboard */,
				A1EB846721DE722E00D4B986 /* LaunchScreen.storyboard */,
			);
			path = Storyboards;
			sourceTree = "<group>";
		};
		A1CDDA1121DF2F67004ED9C6 /* xibs */ = {
			isa = PBXGroup;
			children = (
				A1CDDA0E21DE8AD9004ED9C6 /* VenueCell.xib */,
			);
			path = xibs;
			sourceTree = "<group>";
		};
		A1CDDA1221DF311E004ED9C6 /* Controllers */ = {
			isa = PBXGroup;
			children = (
				A1EB846021DE722C00D4B986 /* ViewController.swift */,
				A1CDDA1A21DFA536004ED9C6 /* MapViewController.swift */,
			);
			path = Controllers;
			sourceTree = "<group>";
		};
		A1CDDA1321DF312E004ED9C6 /* Cells */ = {
			isa = PBXGroup;
			children = (
				A1EB847421DE800200D4B986 /* VenueCell.swift */,
			);
			path = Cells;
			sourceTree = "<group>";
		};
		A1CDDA1421DF313F004ED9C6 /* Extras */ = {
			isa = PBXGroup;
			children = (
				A1EB846521DE722E00D4B986 /* Assets.xcassets */,
				A1EB845E21DE722C00D4B986 /* AppDelegate.swift */,
				A1EB847221DE7BB900D4B986 /* Utilities.swift */,
				A1CDDA1C21DFA5DD004ED9C6 /* MapDelegate.swift */,
			);
			path = Extras;
			sourceTree = "<group>";
		};
		A1CDDA1721DF3198004ED9C6 /* Models */ = {
			isa = PBXGroup;
			children = (
				A1CDDA1521DF3183004ED9C6 /* DataManager.swift */,
				A1CDDA1821DF405E004ED9C6 /* VenueResponse.swift */,
			);
			path = Models;
			sourceTree = "<group>";
		};
		A1EB845221DE722C00D4B986 = {
			isa = PBXGroup;
			children = (
				A1EB845D21DE722C00D4B986 /* Venues */,
				A1EB845C21DE722C00D4B986 /* Products */,
				92A0A1BCA326EB450A456E76 /* Pods */,
				37388B3108F953AD7CE09974 /* Frameworks */,
			);
			sourceTree = "<group>";
		};
		A1EB845C21DE722C00D4B986 /* Products */ = {
			isa = PBXGroup;
			children = (
				A1EB845B21DE722C00D4B986 /* Venues.app */,
			);
			name = Products;
			sourceTree = "<group>";
		};
		A1EB845D21DE722C00D4B986 /* Venues */ = {
			isa = PBXGroup;
			children = (
				A1CDDA1421DF313F004ED9C6 /* Extras */,
				A1CDDA1221DF311E004ED9C6 /* Controllers */,
				A1CDDA1021DF2F58004ED9C6 /* Storyboards */,
				A1CDDA1121DF2F67004ED9C6 /* xibs */,
				A1CDDA1321DF312E004ED9C6 /* Cells */,
				A1CDDA1721DF3198004ED9C6 /* Models */,
				A1EB846A21DE722E00D4B986 /* Info.plist */,
			);
			path = Venues;
			sourceTree = "<group>";
		};
/* End PBXGroup section */

/* Begin PBXNativeTarget section */
		A1EB845A21DE722C00D4B986 /* Venues */ = {
			isa = PBXNativeTarget;
			buildConfigurationList = A1EB846D21DE722E00D4B986 /* Build configuration list for PBXNativeTarget "Venues" */;
			buildPhases = (
				115D0A65FCF2802D48AEA61B /* [CP] Check Pods Manifest.lock */,
				A1EB845721DE722C00D4B986 /* Sources */,
				A1EB845821DE722C00D4B986 /* Frameworks */,
				A1EB845921DE722C00D4B986 /* Resources */,
				46D3CB25B63D479D117A8A17 /* [CP] Embed Pods Frameworks */,
			);
			buildRules = (
			);
			dependencies = (
			);
			name = Venues;
			productName = Venues;
			productReference = A1EB845B21DE722C00D4B986 /* Venues.app */;
			productType = "com.apple.product-type.application";
		};
/* End PBXNativeTarget section */

/* Begin PBXProject section */
		A1EB845321DE722C00D4B986 /* Project object */ = {
			isa = PBXProject;
			attributes = {
				LastSwiftUpdateCheck = 1010;
				LastUpgradeCheck = 1010;
				ORGANIZATIONNAME = "Rajesh Budhiraja";
				TargetAttributes = {
					A1EB845A21DE722C00D4B986 = {
						CreatedOnToolsVersion = 10.1;
					};
				};
			};
			buildConfigurationList = A1EB845621DE722C00D4B986 /* Build configuration list for PBXProject "Venues" */;
			compatibilityVersion = "Xcode 9.3";
			developmentRegion = en;
			hasScannedForEncodings = 0;
			knownRegions = (
				en,
				Base,
			);
			mainGroup = A1EB845221DE722C00D4B986;
			productRefGroup = A1EB845C21DE722C00D4B986 /* Products */;
			projectDirPath = "";
			projectRoot = "";
			targets = (
				A1EB845A21DE722C00D4B986 /* Venues */,
			);
		};
/* End PBXProject section */

/* Begin PBXResourcesBuildPhase section */
		A1EB845921DE722C00D4B986 /* Resources */ = {
			isa = PBXResourcesBuildPhase;
			buildActionMask = 2147483647;
			files = (
				A1EB846921DE722E00D4B986 /* LaunchScreen.storyboard in Resources */,
				A1CDDA0F21DE8AD9004ED9C6 /* VenueCell.xib in Resources */,
				A1EB846621DE722E00D4B986 /* Assets.xcassets in Resources */,
				A1EB846421DE722C00D4B986 /* Main.storyboard in Resources */,
			);
			runOnlyForDeploymentPostprocessing = 0;
		};
/* End PBXResourcesBuildPhase section */

/* Begin PBXShellScriptBuildPhase section */
		115D0A65FCF2802D48AEA61B /* [CP] Check Pods Manifest.lock */ = {
			isa = PBXShellScriptBuildPhase;
			buildActionMask = 2147483647;
			files = (
			);
			inputFileListPaths = (
			);
			inputPaths = (
				"${PODS_PODFILE_DIR_PATH}/Podfile.lock",
				"${PODS_ROOT}/Manifest.lock",
			);
			name = "[CP] Check Pods Manifest.lock";
			outputFileListPaths = (
			);
			outputPaths = (
				"$(DERIVED_FILE_DIR)/Pods-Venues-checkManifestLockResult.txt",
			);
			runOnlyForDeploymentPostprocessing = 0;
			shellPath = /bin/sh;
			shellScript = "diff \"${PODS_PODFILE_DIR_PATH}/Podfile.lock\" \"${PODS_ROOT}/Manifest.lock\" > /dev/null\nif [ $? != 0 ] ; then\n    # print error to STDERR\n    echo \"error: The sandbox is not in sync with the Podfile.lock. Run 'pod install' or update your CocoaPods installation.\" >&2\n    exit 1\nfi\n# This output is used by Xcode 'outputs' to avoid re-running this script phase.\necho \"SUCCESS\" > \"${SCRIPT_OUTPUT_FILE_0}\"\n";
			showEnvVarsInLog = 0;
		};
		46D3CB25B63D479D117A8A17 /* [CP] Embed Pods Frameworks */ = {
			isa = PBXShellScriptBuildPhase;
			buildActionMask = 2147483647;
			files = (
			);
			inputFileListPaths = (
			);
			inputPaths = (
				"${SRCROOT}/Pods/Target Support Files/Pods-Venues/Pods-Venues-frameworks.sh",
				"${BUILT_PRODUCTS_DIR}/Alamofire/Alamofire.framework",
				"${BUILT_PRODUCTS_DIR}/CircleMenu/CircleMenu.framework",
				"${BUILT_PRODUCTS_DIR}/Realm/Realm.framework",
				"${BUILT_PRODUCTS_DIR}/RealmSwift/RealmSwift.framework",
				"${BUILT_PRODUCTS_DIR}/SwiftyJSON/SwiftyJSON.framework",
			);
			name = "[CP] Embed Pods Frameworks";
			outputFileListPaths = (
			);
			outputPaths = (
				"${TARGET_BUILD_DIR}/${FRAMEWORKS_FOLDER_PATH}/Alamofire.framework",
				"${TARGET_BUILD_DIR}/${FRAMEWORKS_FOLDER_PATH}/CircleMenu.framework",
				"${TARGET_BUILD_DIR}/${FRAMEWORKS_FOLDER_PATH}/Realm.framework",
				"${TARGET_BUILD_DIR}/${FRAMEWORKS_FOLDER_PATH}/RealmSwift.framework",
				"${TARGET_BUILD_DIR}/${FRAMEWORKS_FOLDER_PATH}/SwiftyJSON.framework",
			);
			runOnlyForDeploymentPostprocessing = 0;
			shellPath = /bin/sh;
			shellScript = "\"${SRCROOT}/Pods/Target Support Files/Pods-Venues/Pods-Venues-frameworks.sh\"\n";
			showEnvVarsInLog = 0;
		};
/* End PBXShellScriptBuildPhase section */

/* Begin PBXSourcesBuildPhase section */
		A1EB845721DE722C00D4B986 /* Sources */ = {
			isa = PBXSourcesBuildPhase;
			buildActionMask = 2147483647;
			files = (
				A1EB847321DE7BB900D4B986 /* Utilities.swift in Sources */,
				A1CDDA1621DF3183004ED9C6 /* DataManager.swift in Sources */,
				A1CDDA1921DF405E004ED9C6 /* VenueResponse.swift in Sources */,
				A1EB847621DE800200D4B986 /* VenueCell.swift in Sources */,
				A1EB846121DE722C00D4B986 /* ViewController.swift in Sources */,
				A1CDDA1D21DFA5DD004ED9C6 /* MapDelegate.swift in Sources */,
				A1EB845F21DE722C00D4B986 /* AppDelegate.swift in Sources */,
				A1CDDA1B21DFA536004ED9C6 /* MapViewController.swift in Sources */,
			);
			runOnlyForDeploymentPostprocessing = 0;
		};
/* End PBXSourcesBuildPhase section */

/* Begin PBXVariantGroup section */
		A1EB846221DE722C00D4B986 /* Main.storyboard */ = {
			isa = PBXVariantGroup;
			children = (
				A1EB846321DE722C00D4B986 /* Base */,
			);
			name = Main.storyboard;
			sourceTree = "<group>";
		};
		A1EB846721DE722E00D4B986 /* LaunchScreen.storyboard */ = {
			isa = PBXVariantGroup;
			children = (
				A1EB846821DE722E00D4B986 /* Base */,
			);
			name = LaunchScreen.storyboard;
			sourceTree = "<group>";
		};
/* End PBXVariantGroup section */

/* Begin XCBuildConfiguration section */
		A1EB846B21DE722E00D4B986 /* Debug */ = {
			isa = XCBuildConfiguration;
			buildSettings = {
				ALWAYS_SEARCH_USER_PATHS = NO;
				CLANG_ANALYZER_NONNULL = YES;
				CLANG_ANALYZER_NUMBER_OBJECT_CONVERSION = YES_AGGRESSIVE;
				CLANG_CXX_LANGUAGE_STANDARD = "gnu++14";
				CLANG_CXX_LIBRARY = "libc++";
				CLANG_ENABLE_MODULES = YES;
				CLANG_ENABLE_OBJC_ARC = YES;
				CLANG_ENABLE_OBJC_WEAK = YES;
				CLANG_WARN_BLOCK_CAPTURE_AUTORELEASING = YES;
				CLANG_WARN_BOOL_CONVERSION = YES;
				CLANG_WARN_COMMA = YES;
				CLANG_WARN_CONSTANT_CONVERSION = YES;
				CLANG_WARN_DEPRECATED_OBJC_IMPLEMENTATIONS = YES;
				CLANG_WARN_DIRECT_OBJC_ISA_USAGE = YES_ERROR;
				CLANG_WARN_DOCUMENTATION_COMMENTS = YES;
				CLANG_WARN_EMPTY_BODY = YES;
				CLANG_WARN_ENUM_CONVERSION = YES;
				CLANG_WARN_INFINITE_RECURSION = YES;
				CLANG_WARN_INT_CONVERSION = YES;
				CLANG_WARN_NON_LITERAL_NULL_CONVERSION = YES;
				CLANG_WARN_OBJC_IMPLICIT_RETAIN_SELF = YES;
				CLANG_WARN_OBJC_LITERAL_CONVERSION = YES;
				CLANG_WARN_OBJC_ROOT_CLASS = YES_ERROR;
				CLANG_WARN_RANGE_LOOP_ANALYSIS = YES;
				CLANG_WARN_STRICT_PROTOTYPES = YES;
				CLANG_WARN_SUSPICIOUS_MOVE = YES;
				CLANG_WARN_UNGUARDED_AVAILABILITY = YES_AGGRESSIVE;
				CLANG_WARN_UNREACHABLE_CODE = YES;
				CLANG_WARN__DUPLICATE_METHOD_MATCH = YES;
				CODE_SIGN_IDENTITY = "iPhone Developer";
				COPY_PHASE_STRIP = NO;
				DEBUG_INFORMATION_FORMAT = dwarf;
				ENABLE_STRICT_OBJC_MSGSEND = YES;
				ENABLE_TESTABILITY = YES;
				GCC_C_LANGUAGE_STANDARD = gnu11;
				GCC_DYNAMIC_NO_PIC = NO;
				GCC_NO_COMMON_BLOCKS = YES;
				GCC_OPTIMIZATION_LEVEL = 0;
				GCC_PREPROCESSOR_DEFINITIONS = (
					"DEBUG=1",
					"$(inherited)",
				);
				GCC_WARN_64_TO_32_BIT_CONVERSION = YES;
				GCC_WARN_ABOUT_RETURN_TYPE = YES_ERROR;
				GCC_WARN_UNDECLARED_SELECTOR = YES;
				GCC_WARN_UNINITIALIZED_AUTOS = YES_AGGRESSIVE;
				GCC_WARN_UNUSED_FUNCTION = YES;
				GCC_WARN_UNUSED_VARIABLE = YES;
				IPHONEOS_DEPLOYMENT_TARGET = 12.1;
				MTL_ENABLE_DEBUG_INFO = INCLUDE_SOURCE;
				MTL_FAST_MATH = YES;
				ONLY_ACTIVE_ARCH = YES;
				SDKROOT = iphoneos;
				SWIFT_ACTIVE_COMPILATION_CONDITIONS = DEBUG;
				SWIFT_OPTIMIZATION_LEVEL = "-Onone";
			};
			name = Debug;
		};
		A1EB846C21DE722E00D4B986 /* Release */ = {
			isa = XCBuildConfiguration;
			buildSettings = {
				ALWAYS_SEARCH_USER_PATHS = NO;
				CLANG_ANALYZER_NONNULL = YES;
				CLANG_ANALYZER_NUMBER_OBJECT_CONVERSION = YES_AGGRESSIVE;
				CLANG_CXX_LANGUAGE_STANDARD = "gnu++14";
				CLANG_CXX_LIBRARY = "libc++";
				CLANG_ENABLE_MODULES = YES;
				CLANG_ENABLE_OBJC_ARC = YES;
				CLANG_ENABLE_OBJC_WEAK = YES;
				CLANG_WARN_BLOCK_CAPTURE_AUTORELEASING = YES;
				CLANG_WARN_BOOL_CONVERSION = YES;
				CLANG_WARN_COMMA = YES;
				CLANG_WARN_CONSTANT_CONVERSION = YES;
				CLANG_WARN_DEPRECATED_OBJC_IMPLEMENTATIONS = YES;
				CLANG_WARN_DIRECT_OBJC_ISA_USAGE = YES_ERROR;
				CLANG_WARN_DOCUMENTATION_COMMENTS = YES;
				CLANG_WARN_EMPTY_BODY = YES;
				CLANG_WARN_ENUM_CONVERSION = YES;
				CLANG_WARN_INFINITE_RECURSION = YES;
				CLANG_WARN_INT_CONVERSION = YES;
				CLANG_WARN_NON_LITERAL_NULL_CONVERSION = YES;
				CLANG_WARN_OBJC_IMPLICIT_RETAIN_SELF = YES;
				CLANG_WARN_OBJC_LITERAL_CONVERSION = YES;
				CLANG_WARN_OBJC_ROOT_CLASS = YES_ERROR;
				CLANG_WARN_RANGE_LOOP_ANALYSIS = YES;
				CLANG_WARN_STRICT_PROTOTYPES = YES;
				CLANG_WARN_SUSPICIOUS_MOVE = YES;
				CLANG_WARN_UNGUARDED_AVAILABILITY = YES_AGGRESSIVE;
				CLANG_WARN_UNREACHABLE_CODE = YES;
				CLANG_WARN__DUPLICATE_METHOD_MATCH = YES;
				CODE_SIGN_IDENTITY = "iPhone Developer";
				COPY_PHASE_STRIP = NO;
				DEBUG_INFORMATION_FORMAT = "dwarf-with-dsym";
				ENABLE_NS_ASSERTIONS = NO;
				ENABLE_STRICT_OBJC_MSGSEND = YES;
				GCC_C_LANGUAGE_STANDARD = gnu11;
				GCC_NO_COMMON_BLOCKS = YES;
				GCC_WARN_64_TO_32_BIT_CONVERSION = YES;
				GCC_WARN_ABOUT_RETURN_TYPE = YES_ERROR;
				GCC_WARN_UNDECLARED_SELECTOR = YES;
				GCC_WARN_UNINITIALIZED_AUTOS = YES_AGGRESSIVE;
				GCC_WARN_UNUSED_FUNCTION = YES;
				GCC_WARN_UNUSED_VARIABLE = YES;
				IPHONEOS_DEPLOYMENT_TARGET = 12.1;
				MTL_ENABLE_DEBUG_INFO = NO;
				MTL_FAST_MATH = YES;
				SDKROOT = iphoneos;
				SWIFT_COMPILATION_MODE = wholemodule;
				SWIFT_OPTIMIZATION_LEVEL = "-O";
				VALIDATE_PRODUCT = YES;
			};
			name = Release;
		};
		A1EB846E21DE722E00D4B986 /* Debug */ = {
			isa = XCBuildConfiguration;
			baseConfigurationReference = 3970026C468D67E5C6E762C1 /* Pods-Venues.debug.xcconfig */;
			buildSettings = {
				ASSETCATALOG_COMPILER_APPICON_NAME = AppIcon;
				CODE_SIGN_STYLE = Automatic;
				DEVELOPMENT_TEAM = JV23ZP2AFJ;
				INFOPLIST_FILE = Venues/Info.plist;
				LD_RUNPATH_SEARCH_PATHS = (
					"$(inherited)",
					"@executable_path/Frameworks",
				);
				PRODUCT_BUNDLE_IDENTIFIER = budhiraja.rajesh.Venues;
				PRODUCT_NAME = "$(TARGET_NAME)";
				SWIFT_VERSION = 4.2;
				TARGETED_DEVICE_FAMILY = "1,2";
			};
			name = Debug;
		};
		A1EB846F21DE722E00D4B986 /* Release */ = {
			isa = XCBuildConfiguration;
			baseConfigurationReference = 743BF241E3017DAC4A2D0206 /* Pods-Venues.release.xcconfig */;
			buildSettings = {
				ASSETCATALOG_COMPILER_APPICON_NAME = AppIcon;
				CODE_SIGN_STYLE = Automatic;
				DEVELOPMENT_TEAM = JV23ZP2AFJ;
				INFOPLIST_FILE = Venues/Info.plist;
				LD_RUNPATH_SEARCH_PATHS = (
					"$(inherited)",
					"@executable_path/Frameworks",
				);
				PRODUCT_BUNDLE_IDENTIFIER = budhiraja.rajesh.Venues;
				PRODUCT_NAME = "$(TARGET_NAME)";
				SWIFT_VERSION = 4.2;
				TARGETED_DEVICE_FAMILY = "1,2";
			};
			name = Release;
		};
/* End XCBuildConfiguration section */

/* Begin XCConfigurationList section */
		A1EB845621DE722C00D4B986 /* Build configuration list for PBXProject "Venues" */ = {
			isa = XCConfigurationList;
			buildConfigurations = (
				A1EB846B21DE722E00D4B986 /* Debug */,
				A1EB846C21DE722E00D4B986 /* Release */,
			);
			defaultConfigurationIsVisible = 0;
			defaultConfigurationName = Release;
		};
		A1EB846D21DE722E00D4B986 /* Build configuration list for PBXNativeTarget "Venues" */ = {
			isa = XCConfigurationList;
			buildConfigurations = (
				A1EB846E21DE722E00D4B986 /* Debug */,
				A1EB846F21DE722E00D4B986 /* Release */,
			);
			defaultConfigurationIsVisible = 0;
			defaultConfigurationName = Release;
		};
/* End XCConfigurationList section */
	};
	rootObject = A1EB845321DE722C00D4B986 /* Project object */;
}
